
Microsoft Visual Studio Solution File, Format Version 12.00
# Visual Studio Version 17
VisualStudioVersion = 17.11.35312.102
MinimumVisualStudioVersion = 10.0.40219.1
Project("{8BC9CEB8-8B4A-11D0-8D11-00A0C91BC942}") = "通讯录管理系统", "通讯录管理系统.vcxproj", "{752A3DF5-EC47-491E-AFE0-15C94A1F371C}"
EndProject
Global
	GlobalSection(SolutionConfigurationPlatforms) = preSolution
		Debug|x64 = Debug|x64
		Debug|x86 = Debug|x86
		Release|x64 = Release|x64
		Release|x86 = Release|x86
	EndGlobalSection
	GlobalSection(ProjectConfigurationPlatforms) = postSolution
		{752A3DF5-EC47-491E-AFE0-15C94A1F371C}.Debug|x64.ActiveCfg = Debug|x64
		{752A3DF5-EC47-491E-AFE0-15C94A1F371C}.Debug|x64.Build.0 = Debug|x64
		{752A3DF5-EC47-491E-AFE0-15C94A1F371C}.Debug|x86.ActiveCfg = Debug|Win32
		{752A3DF5-EC47-491E-AFE0-15C94A1F371C}.Debug|x86.Build.0 = Debug|Win32
		{752A3DF5-EC47-491E-AFE0-15C94A1F371C}.Release|x64.ActiveCfg = Release|x64
		{752A3DF5-EC47-491E-AFE0-15C94A1F371C}.Release|x64.Build.0 = Release|x64
		{752A3DF5-EC47-491E-AFE0-15C94A1F371C}.Release|x86.ActiveCfg = Release|Win32
		{752A3DF5-EC47-491E-AFE0-15C94A1F371C}.Release|x86.Build.0 = Release|Win32
	EndGlobalSection
	GlobalSection(SolutionProperties) = preSolution
		HideSolutionNode = FALSE
	EndGlobalSection
	GlobalSection(ExtensibilityGlobals) = postSolution
		SolutionGuid = {0F783566-1C0E-4EDB-8C6B-7CF4272265E1}
	EndGlobalSection
EndGlobal
